
Microsoft Visual Studio Solution File, Format Version 12.00
# Visual Studio Version 17
VisualStudioVersion = 17.5.33424.131
MinimumVisualStudioVersion = 10.0.40219.1
Project("{2150E333-8FDC-42A3-9474-1A3956D46DE8}") = "HotelComplex", "HotelComplex", "{DE6397A0-E747-4368-89E1-6A15812BBF1C}"
EndProject
Project("{FAE04EC0-301F-11D3-BF4B-00C04F79EFBC}") = "HotelComplexWPF", "HotelComplexWPF\HotelComplexWPF.csproj", "{F5D03614-B7A7-432D-81DA-3B3F4E817634}"
EndProject
Global
	GlobalSection(SolutionConfigurationPlatforms) = preSolution
		Debug|Any CPU = Debug|Any CPU
		Release|Any CPU = Release|Any CPU
	EndGlobalSection
	GlobalSection(ProjectConfigurationPlatforms) = postSolution
		{F5D03614-B7A7-432D-81DA-3B3F4E817634}.Debug|Any CPU.ActiveCfg = Debug|Any CPU
		{F5D03614-B7A7-432D-81DA-3B3F4E817634}.Debug|Any CPU.Build.0 = Debug|Any CPU
		{F5D03614-B7A7-432D-81DA-3B3F4E817634}.Release|Any CPU.ActiveCfg = Release|Any CPU
		{F5D03614-B7A7-432D-81DA-3B3F4E817634}.Release|Any CPU.Build.0 = Release|Any CPU
	EndGlobalSection
	GlobalSection(SolutionProperties) = preSolution
		HideSolutionNode = FALSE
	EndGlobalSection
	GlobalSection(NestedProjects) = preSolution
		{F5D03614-B7A7-432D-81DA-3B3F4E817634} = {DE6397A0-E747-4368-89E1-6A15812BBF1C}
	EndGlobalSection
	GlobalSection(ExtensibilityGlobals) = postSolution
		SolutionGuid = {E17E466E-E9E9-41C2-B09A-7391F0843E7C}
	EndGlobalSection
EndGlobal
